
Microsoft Visual Studio Solution File, Format Version 12.00
# Visual Studio Version 17
VisualStudioVersion = 17.0.31903.59
MinimumVisualStudioVersion = 10.0.40219.1
Project("{2150E333-8FDC-42A3-9474-1A3956D46DE8}") = "src", "src", "{D834DEED-A573-437A-8057-4345D67B2FCA}"
EndProject
Project("{FAE04EC0-301F-11D3-BF4B-00C04F79EFBC}") = "BookStore", "src\BookStore\BookStore.csproj", "{97F74D0C-0A34-4A3D-8E3B-BD98FD66C3ED}"
EndProject
Global
	GlobalSection(SolutionConfigurationPlatforms) = preSolution
		Debug|Any CPU = Debug|Any CPU
		Release|Any CPU = Release|Any CPU
	EndGlobalSection
	GlobalSection(SolutionProperties) = preSolution
		HideSolutionNode = FALSE
	EndGlobalSection
	GlobalSection(ProjectConfigurationPlatforms) = postSolution
		{97F74D0C-0A34-4A3D-8E3B-BD98FD66C3ED}.Debug|Any CPU.ActiveCfg = Debug|Any CPU
		{97F74D0C-0A34-4A3D-8E3B-BD98FD66C3ED}.Debug|Any CPU.Build.0 = Debug|Any CPU
		{97F74D0C-0A34-4A3D-8E3B-BD98FD66C3ED}.Release|Any CPU.ActiveCfg = Release|Any CPU
		{97F74D0C-0A34-4A3D-8E3B-BD98FD66C3ED}.Release|Any CPU.Build.0 = Release|Any CPU
	EndGlobalSection
	GlobalSection(NestedProjects) = preSolution
		{97F74D0C-0A34-4A3D-8E3B-BD98FD66C3ED} = {D834DEED-A573-437A-8057-4345D67B2FCA}
	EndGlobalSection
EndGlobal
